// !$*UTF8*$!
{
	archiveVersion = 1;
	classes = {
	};
	objectVersion = 56;
	objects = {

/* Begin PBXBuildFile section */
		993FC2F72A0D2AB800AA9BF2 /* AppDelegate.swift in Sources */ = {isa = PBXBuildFile; fileRef = 993FC2F62A0D2AB800AA9BF2 /* AppDelegate.swift */; };
		993FC2F92A0D2AB800AA9BF2 /* SceneDelegate.swift in Sources */ = {isa = PBXBuildFile; fileRef = 993FC2F82A0D2AB800AA9BF2 /* SceneDelegate.swift */; };
		993FC2FB2A0D2AB800AA9BF2 /* ViewController.swift in Sources */ = {isa = PBXBuildFile; fileRef = 993FC2FA2A0D2AB800AA9BF2 /* ViewController.swift */; };
		993FC2FE2A0D2AB800AA9BF2 /* Main.storyboard in Resources */ = {isa = PBXBuildFile; fileRef = 993FC2FC2A0D2AB800AA9BF2 /* Main.storyboard */; };
		993FC3012A0D2AB800AA9BF2 /* testtesttest.xcdatamodeld in Sources */ = {isa = PBXBuildFile; fileRef = 993FC2FF2A0D2AB800AA9BF2 /* testtesttest.xcdatamodeld */; };
		993FC3032A0D2AB900AA9BF2 /* Assets.xcassets in Resources */ = {isa = PBXBuildFile; fileRef = 993FC3022A0D2AB900AA9BF2 /* Assets.xcassets */; };
		993FC3062A0D2AB900AA9BF2 /* LaunchScreen.storyboard in Resources */ = {isa = PBXBuildFile; fileRef = 993FC3042A0D2AB900AA9BF2 /* LaunchScreen.storyboard */; };
/* End PBXBuildFile section */

/* Begin PBXFileReference section */
		993FC2F32A0D2AB800AA9BF2 /* testtesttest.app */ = {isa = PBXFileReference; explicitFileType = wrapper.application; includeInIndex = 0; path = testtesttest.app; sourceTree = BUILT_PRODUCTS_DIR; };
		993FC2F62A0D2AB800AA9BF2 /* AppDelegate.swift */ = {isa = PBXFileReference; lastKnownFileType = sourcecode.swift; path = AppDelegate.swift; sourceTree = "<group>"; };
		993FC2F82A0D2AB800AA9BF2 /* SceneDelegate.swift */ = {isa = PBXFileReference; lastKnownFileType = sourcecode.swift; path = SceneDelegate.swift; sourceTree = "<group>"; };
		993FC2FA2A0D2AB800AA9BF2 /* ViewController.swift */ = {isa = PBXFileReference; lastKnownFileType = sourcecode.swift; path = ViewController.swift; sourceTree = "<group>"; };
		993FC2FD2A0D2AB800AA9BF2 /* Base */ = {isa = PBXFileReference; lastKnownFileType = file.storyboard; name = Base; path = Base.lproj/Main.storyboard; sourceTree = "<group>"; };
		993FC3002A0D2AB800AA9BF2 /* testtesttest.xcdatamodel */ = {isa = PBXFileReference; lastKnownFileType = wrapper.xcdatamodel; path = testtesttest.xcdatamodel; sourceTree = "<group>"; };
		993FC3022A0D2AB900AA9BF2 /* Assets.xcassets */ = {isa = PBXFileReference; lastKnownFileType = folder.assetcatalog; path = Assets.xcassets; sourceTree = "<group>"; };
		993FC3052A0D2AB900AA9BF2 /* Base */ = {isa = PBXFileReference; lastKnownFileType = file.storyboard; name = Base; path = Base.lproj/LaunchScreen.storyboard; sourceTree = "<group>"; };
		993FC3072A0D2AB900AA9BF2 /* Info.plist */ = {isa = PBXFileReference; lastKnownFileType = text.plist.xml; path = Info.plist; sourceTree = "<group>"; };
/* End PBXFileReference section */

/* Begin PBXFrameworksBuildPhase section */
		993FC2F02A0D2AB800AA9BF2 /* Frameworks */ = {
			isa = PBXFrameworksBuildPhase;
			buildActionMask = 2147483647;
			files = (
			);
			runOnlyForDeploymentPostprocessing = 0;
		};
/* End PBXFrameworksBuildPhase section */

/* Begin PBXGroup section */
		993FC2EA2A0D2AB800AA9BF2 = {
			isa = PBXGroup;
			children = (
				993FC2F52A0D2AB800AA9BF2 /* testtesttest */,
				993FC2F42A0D2AB800AA9BF2 /* Products */,
			);
			sourceTree = "<group>";
		};
		993FC2F42A0D2AB800AA9BF2 /* Products */ = {
			isa = PBXGroup;
			children = (
				993FC2F32A0D2AB800AA9BF2 /* testtesttest.app */,
			);
			name = Products;
			sourceTree = "<group>";
		};
		993FC2F52A0D2AB800AA9BF2 /* testtesttest */ = {
			isa = PBXGroup;
			children = (
				993FC2F62A0D2AB800AA9BF2 /* AppDelegate.swift */,
				993FC2F82A0D2AB800AA9BF2 /* SceneDelegate.swift */,
				993FC2FA2A0D2AB800AA9BF2 /* ViewController.swift */,
				993FC2FC2A0D2AB800AA9BF2 /* Main.storyboard */,
				993FC3022A0D2AB900AA9BF2 /* Assets.xcassets */,
				993FC3042A0D2AB900AA9BF2 /* LaunchScreen.storyboard */,
				993FC3072A0D2AB900AA9BF2 /* Info.plist */,
				993FC2FF2A0D2AB800AA9BF2 /* testtesttest.xcdatamodeld */,
			);
			path = testtesttest;
			sourceTree = "<group>";
		};
/* End PBXGroup section */

/* Begin PBXNativeTarget section */
		993FC2F22A0D2AB800AA9BF2 /* testtesttest */ = {
			isa = PBXNativeTarget;
			buildConfigurationList = 993FC30A2A0D2AB900AA9BF2 /* Build configuration list for PBXNativeTarget "testtesttest" */;
			buildPhases = (
				993FC2EF2A0D2AB800AA9BF2 /* Sources */,
				993FC2F02A0D2AB800AA9BF2 /* Frameworks */,
				993FC2F12A0D2AB800AA9BF2 /* Resources */,
			);
			buildRules = (
			);
			dependencies = (
			);
			name = testtesttest;
			productName = testtesttest;
			productReference = 993FC2F32A0D2AB800AA9BF2 /* testtesttest.app */;
			productType = "com.apple.product-type.application";
		};
/* End PBXNativeTarget section */

/* Begin PBXProject section */
		993FC2EB2A0D2AB800AA9BF2 /* Project object */ = {
			isa = PBXProject;
			attributes = {
				BuildIndependentTargetsInParallel = 1;
				LastSwiftUpdateCheck = 1420;
				LastUpgradeCheck = 1420;
				TargetAttributes = {
					993FC2F22A0D2AB800AA9BF2 = {
						CreatedOnToolsVersion = 14.2;
					};
				};
			};
			buildConfigurationList = 993FC2EE2A0D2AB800AA9BF2 /* Build configuration list for PBXProject "testtesttest" */;
			compatibilityVersion = "Xcode 14.0";
			developmentRegion = en;
			hasScannedForEncodings = 0;
			knownRegions = (
				en,
				Base,
			);
			mainGroup = 993FC2EA2A0D2AB800AA9BF2;
			productRefGroup = 993FC2F42A0D2AB800AA9BF2 /* Products */;
			projectDirPath = "";
			projectRoot = "";
			targets = (
				993FC2F22A0D2AB800AA9BF2 /* testtesttest */,
			);
		};
/* End PBXProject section */

/* Begin PBXResourcesBuildPhase section */
		993FC2F12A0D2AB800AA9BF2 /* Resources */ = {
			isa = PBXResourcesBuildPhase;
			buildActionMask = 2147483647;
			files = (
				993FC3062A0D2AB900AA9BF2 /* LaunchScreen.storyboard in Resources */,
				993FC3032A0D2AB900AA9BF2 /* Assets.xcassets in Resources */,
				993FC2FE2A0D2AB800AA9BF2 /* Main.storyboard in Resources */,
			);
			runOnlyForDeploymentPostprocessing = 0;
		};
/* End PBXResourcesBuildPhase section */

/* Begin PBXSourcesBuildPhase section */
		993FC2EF2A0D2AB800AA9BF2 /* Sources */ = {
			isa = PBXSourcesBuildPhase;
			buildActionMask = 2147483647;
			files = (
				993FC2FB2A0D2AB800AA9BF2 /* ViewController.swift in Sources */,
				993FC3012A0D2AB800AA9BF2 /* testtesttest.xcdatamodeld in Sources */,
				993FC2F72A0D2AB800AA9BF2 /* AppDelegate.swift in Sources */,
				993FC2F92A0D2AB800AA9BF2 /* SceneDelegate.swift in Sources */,
			);
			runOnlyForDeploymentPostprocessing = 0;
		};
/* End PBXSourcesBuildPhase section */

/* Begin PBXVariantGroup section */
		993FC2FC2A0D2AB800AA9BF2 /* Main.storyboard */ = {
			isa = PBXVariantGroup;
			children = (
				993FC2FD2A0D2AB800AA9BF2 /* Base */,
			);
			name = Main.storyboard;
			sourceTree = "<group>";
		};
		993FC3042A0D2AB900AA9BF2 /* LaunchScreen.storyboard */ = {
			isa = PBXVariantGroup;
			children = (
				993FC3052A0D2AB900AA9BF2 /* Base */,
			);
			name = LaunchScreen.storyboard;
			sourceTree = "<group>";
		};
/* End PBXVariantGroup section */

/* Begin XCBuildConfiguration section */
		993FC3082A0D2AB900AA9BF2 /* Debug */ = {
			isa = XCBuildConfiguration;
			buildSettings = {
				ALWAYS_SEARCH_USER_PATHS = NO;
				CLANG_ANALYZER_NONNULL = YES;
				CLANG_ANALYZER_NUMBER_OBJECT_CONVERSION = YES_AGGRESSIVE;
				CLANG_CXX_LANGUAGE_STANDARD = "gnu++20";
				CLANG_ENABLE_MODULES = YES;
				CLANG_ENABLE_OBJC_ARC = YES;
				CLANG_ENABLE_OBJC_WEAK = YES;
				CLANG_WARN_BLOCK_CAPTURE_AUTORELEASING = YES;
				CLANG_WARN_BOOL_CONVERSION = YES;
				CLANG_WARN_COMMA = YES;
				CLANG_WARN_CONSTANT_CONVERSION = YES;
				CLANG_WARN_DEPRECATED_OBJC_IMPLEMENTATIONS = YES;
				CLANG_WARN_DIRECT_OBJC_ISA_USAGE = YES_ERROR;
				CLANG_WARN_DOCUMENTATION_COMMENTS = YES;
				CLANG_WARN_EMPTY_BODY = YES;
				CLANG_WARN_ENUM_CONVERSION = YES;
				CLANG_WARN_INFINITE_RECURSION = YES;
				CLANG_WARN_INT_CONVERSION = YES;
				CLANG_WARN_NON_LITERAL_NULL_CONVERSION = YES;
				CLANG_WARN_OBJC_IMPLICIT_RETAIN_SELF = YES;
				CLANG_WARN_OBJC_LITERAL_CONVERSION = YES;
				CLANG_WARN_OBJC_ROOT_CLASS = YES_ERROR;
				CLANG_WARN_QUOTED_INCLUDE_IN_FRAMEWORK_HEADER = YES;
				CLANG_WARN_RANGE_LOOP_ANALYSIS = YES;
				CLANG_WARN_STRICT_PROTOTYPES = YES;
				CLANG_WARN_SUSPICIOUS_MOVE = YES;
				CLANG_WARN_UNGUARDED_AVAILABILITY = YES_AGGRESSIVE;
				CLANG_WARN_UNREACHABLE_CODE = YES;
				CLANG_WARN__DUPLICATE_METHOD_MATCH = YES;
				COPY_PHASE_STRIP = NO;
				DEBUG_INFORMATION_FORMAT = dwarf;
				ENABLE_STRICT_OBJC_MSGSEND = YES;
				ENABLE_TESTABILITY = YES;
				GCC_C_LANGUAGE_STANDARD = gnu11;
				GCC_DYNAMIC_NO_PIC = NO;
				GCC_NO_COMMON_BLOCKS = YES;
				GCC_OPTIMIZATION_LEVEL = 0;
				GCC_PREPROCESSOR_DEFINITIONS = (
					"DEBUG=1",
					"$(inherited)",
				);
				GCC_WARN_64_TO_32_BIT_CONVERSION = YES;
				GCC_WARN_ABOUT_RETURN_TYPE = YES_ERROR;
				GCC_WARN_UNDECLARED_SELECTOR = YES;
				GCC_WARN_UNINITIALIZED_AUTOS = YES_AGGRESSIVE;
				GCC_WARN_UNUSED_FUNCTION = YES;
				GCC_WARN_UNUSED_VARIABLE = YES;
				IPHONEOS_DEPLOYMENT_TARGET = 16.2;
				MTL_ENABLE_DEBUG_INFO = INCLUDE_SOURCE;
				MTL_FAST_MATH = YES;
				ONLY_ACTIVE_ARCH = YES;
				SDKROOT = iphoneos;
				SWIFT_ACTIVE_COMPILATION_CONDITIONS = DEBUG;
				SWIFT_OPTIMIZATION_LEVEL = "-Onone";
			};
			name = Debug;
		};
		993FC3092A0D2AB900AA9BF2 /* Release */ = {
			isa = XCBuildConfiguration;
			buildSettings = {
				ALWAYS_SEARCH_USER_PATHS = NO;
				CLANG_ANALYZER_NONNULL = YES;
				CLANG_ANALYZER_NUMBER_OBJECT_CONVERSION = YES_AGGRESSIVE;
				CLANG_CXX_LANGUAGE_STANDARD = "gnu++20";
				CLANG_ENABLE_MODULES = YES;
				CLANG_ENABLE_OBJC_ARC = YES;
				CLANG_ENABLE_OBJC_WEAK = YES;
				CLANG_WARN_BLOCK_CAPTURE_AUTORELEASING = YES;
				CLANG_WARN_BOOL_CONVERSION = YES;
				CLANG_WARN_COMMA = YES;
				CLANG_WARN_CONSTANT_CONVERSION = YES;
				CLANG_WARN_DEPRECATED_OBJC_IMPLEMENTATIONS = YES;
				CLANG_WARN_DIRECT_OBJC_ISA_USAGE = YES_ERROR;
				CLANG_WARN_DOCUMENTATION_COMMENTS = YES;
				CLANG_WARN_EMPTY_BODY = YES;
				CLANG_WARN_ENUM_CONVERSION = YES;
				CLANG_WARN_INFINITE_RECURSION = YES;
				CLANG_WARN_INT_CONVERSION = YES;
				CLANG_WARN_NON_LITERAL_NULL_CONVERSION = YES;
				CLANG_WARN_OBJC_IMPLICIT_RETAIN_SELF = YES;
				CLANG_WARN_OBJC_LITERAL_CONVERSION = YES;
				CLANG_WARN_OBJC_ROOT_CLASS = YES_ERROR;
				CLANG_WARN_QUOTED_INCLUDE_IN_FRAMEWORK_HEADER = YES;
				CLANG_WARN_RANGE_LOOP_ANALYSIS = YES;
				CLANG_WARN_STRICT_PROTOTYPES = YES;
				CLANG_WARN_SUSPICIOUS_MOVE = YES;
				CLANG_WARN_UNGUARDED_AVAILABILITY = YES_AGGRESSIVE;
				CLANG_WARN_UNREACHABLE_CODE = YES;
				CLANG_WARN__DUPLICATE_METHOD_MATCH = YES;
				COPY_PHASE_STRIP = NO;
				DEBUG_INFORMATION_FORMAT = "dwarf-with-dsym";
				ENABLE_NS_ASSERTIONS = NO;
				ENABLE_STRICT_OBJC_MSGSEND = YES;
				GCC_C_LANGUAGE_STANDARD = gnu11;
				GCC_NO_COMMON_BLOCKS = YES;
				GCC_WARN_64_TO_32_BIT_CONVERSION = YES;
				GCC_WARN_ABOUT_RETURN_TYPE = YES_ERROR;
				GCC_WARN_UNDECLARED_SELECTOR = YES;
				GCC_WARN_UNINITIALIZED_AUTOS = YES_AGGRESSIVE;
				GCC_WARN_UNUSED_FUNCTION = YES;
				GCC_WARN_UNUSED_VARIABLE = YES;
				IPHONEOS_DEPLOYMENT_TARGET = 16.2;
				MTL_ENABLE_DEBUG_INFO = NO;
				MTL_FAST_MATH = YES;
				SDKROOT = iphoneos;
				SWIFT_COMPILATION_MODE = wholemodule;
				SWIFT_OPTIMIZATION_LEVEL = "-O";
				VALIDATE_PRODUCT = YES;
			};
			name = Release;
		};
		993FC30B2A0D2AB900AA9BF2 /* Debug */ = {
			isa = XCBuildConfiguration;
			buildSettings = {
				ASSETCATALOG_COMPILER_APPICON_NAME = AppIcon;
				ASSETCATALOG_COMPILER_GLOBAL_ACCENT_COLOR_NAME = AccentColor;
				CODE_SIGN_STYLE = Automatic;
				CURRENT_PROJECT_VERSION = 1;
				GENERATE_INFOPLIST_FILE = YES;
				INFOPLIST_FILE = testtesttest/Info.plist;
				INFOPLIST_KEY_UIApplicationSupportsIndirectInputEvents = YES;
				INFOPLIST_KEY_UILaunchStoryboardName = LaunchScreen;
				INFOPLIST_KEY_UIMainStoryboardFile = Main;
				INFOPLIST_KEY_UISupportedInterfaceOrientations_iPad = "UIInterfaceOrientationPortrait UIInterfaceOrientationPortraitUpsideDown UIInterfaceOrientationLandscapeLeft UIInterfaceOrientationLandscapeRight";
				INFOPLIST_KEY_UISupportedInterfaceOrientations_iPhone = "UIInterfaceOrientationPortrait UIInterfaceOrientationLandscapeLeft UIInterfaceOrientationLandscapeRight";
				LD_RUNPATH_SEARCH_PATHS = (
					"$(inherited)",
					"@executable_path/Frameworks",
				);
				MARKETING_VERSION = 1.0;
				PRODUCT_BUNDLE_IDENTIFIER = us.swcsd.toolReview.testtesttest;
				PRODUCT_NAME = "$(TARGET_NAME)";
				SWIFT_EMIT_LOC_STRINGS = YES;
				SWIFT_VERSION = 5.0;
				TARGETED_DEVICE_FAMILY = "1,2";
			};
			name = Debug;
		};
		993FC30C2A0D2AB900AA9BF2 /* Release */ = {
			isa = XCBuildConfiguration;
			buildSettings = {
				ASSETCATALOG_COMPILER_APPICON_NAME = AppIcon;
				ASSETCATALOG_COMPILER_GLOBAL_ACCENT_COLOR_NAME = AccentColor;
				CODE_SIGN_STYLE = Automatic;
				CURRENT_PROJECT_VERSION = 1;
				GENERATE_INFOPLIST_FILE = YES;
				INFOPLIST_FILE = testtesttest/Info.plist;
				INFOPLIST_KEY_UIApplicationSupportsIndirectInputEvents = YES;
				INFOPLIST_KEY_UILaunchStoryboardName = LaunchScreen;
				INFOPLIST_KEY_UIMainStoryboardFile = Main;
				INFOPLIST_KEY_UISupportedInterfaceOrientations_iPad = "UIInterfaceOrientationPortrait UIInterfaceOrientationPortraitUpsideDown UIInterfaceOrientationLandscapeLeft UIInterfaceOrientationLandscapeRight";
				INFOPLIST_KEY_UISupportedInterfaceOrientations_iPhone = "UIInterfaceOrientationPortrait UIInterfaceOrientationLandscapeLeft UIInterfaceOrientationLandscapeRight";
				LD_RUNPATH_SEARCH_PATHS = (
					"$(inherited)",
					"@executable_path/Frameworks",
				);
				MARKETING_VERSION = 1.0;
				PRODUCT_BUNDLE_IDENTIFIER = us.swcsd.toolReview.testtesttest;
				PRODUCT_NAME = "$(TARGET_NAME)";
				SWIFT_EMIT_LOC_STRINGS = YES;
				SWIFT_VERSION = 5.0;
				TARGETED_DEVICE_FAMILY = "1,2";
			};
			name = Release;
		};
/* End XCBuildConfiguration section */

/* Begin XCConfigurationList section */
		993FC2EE2A0D2AB800AA9BF2 /* Build configuration list for PBXProject "testtesttest" */ = {
			isa = XCConfigurationList;
			buildConfigurations = (
				993FC3082A0D2AB900AA9BF2 /* Debug */,
				993FC3092A0D2AB900AA9BF2 /* Release */,
			);
			defaultConfigurationIsVisible = 0;
			defaultConfigurationName = Release;
		};
		993FC30A2A0D2AB900AA9BF2 /* Build configuration list for PBXNativeTarget "testtesttest" */ = {
			isa = XCConfigurationList;
			buildConfigurations = (
				993FC30B2A0D2AB900AA9BF2 /* Debug */,
				993FC30C2A0D2AB900AA9BF2 /* Release */,
			);
			defaultConfigurationIsVisible = 0;
			defaultConfigurationName = Release;
		};
/* End XCConfigurationList section */

/* Begin XCVersionGroup section */
		993FC2FF2A0D2AB800AA9BF2 /* testtesttest.xcdatamodeld */ = {
			isa = XCVersionGroup;
			children = (
				993FC3002A0D2AB800AA9BF2 /* testtesttest.xcdatamodel */,
			);
			currentVersion = 993FC3002A0D2AB800AA9BF2 /* testtesttest.xcdatamodel */;
			path = testtesttest.xcdatamodeld;
			sourceTree = "<group>";
			versionGroupType = wrapper.xcdatamodel;
		};
/* End XCVersionGroup section */
	};
	rootObject = 993FC2EB2A0D2AB800AA9BF2 /* Project object */;
}
